# This file is automatically @generated by rv.
# It is not intended for manual editing.
version = 2
r_version = "4.5"

[[packages]]
name = "Matrix"
version = "1.7-4"
source = { builtin = true }
force_source = false
dependencies = [
    "lattice",
]

[[packages]]
name = "R6"
version = "2.6.1"
source = { repository = "https://cloud.r-project.org/" }
force_source = false
dependencies = []

[[packages]]
name = "Rcpp"
version = "1.1.1"
source = { repository = "https://cloud.r-project.org/" }
force_source = false
dependencies = []

[[packages]]
name = "RcppTOML"
version = "0.2.3"
source = { repository = "https://cloud.r-project.org/" }
force_source = false
dependencies = [
    { name = "Rcpp", requirement = "(>= 1.0.8)" },
]

[[packages]]
name = "Rhdf5lib"
version = "1.28.0"
source = { repository = "https://bioconductor.org/packages/3.20/bioc" }
force_source = false
dependencies = []

[[packages]]
name = "anndataR"
version = "1.1.2"
source = { git = "https://github.com/scverse/anndataR.git", sha = "e065626d8863a1923ab6b322fb7a14b95d0e9c6e" }
force_source = true
dependencies = [
    "cli",
    "lifecycle",
    "Matrix",
    "purrr",
    { name = "R6", requirement = "(>= 2.4.0)" },
    { name = "reticulate", requirement = "(>= 1.41.1)" },
    "rlang",
]

[[packages]]
name = "cli"
version = "3.6.5"
source = { repository = "https://cloud.r-project.org/" }
force_source = false
dependencies = []

[[packages]]
name = "glue"
version = "1.8.0"
source = { repository = "https://cloud.r-project.org/" }
force_source = false
dependencies = []

[[packages]]
name = "here"
version = "1.0.2"
source = { repository = "https://cloud.r-project.org/" }
force_source = false
dependencies = [
    { name = "rprojroot", requirement = "(>= 2.1.0)" },
]

[[packages]]
name = "jsonlite"
version = "2.0.0"
source = { repository = "https://cloud.r-project.org/" }
force_source = false
dependencies = []

[[packages]]
name = "lattice"
version = "0.22-9"
source = { builtin = true }
force_source = false
dependencies = []

[[packages]]
name = "lifecycle"
version = "1.0.5"
source = { repository = "https://cloud.r-project.org/" }
force_source = false
dependencies = [
    { name = "cli", requirement = "(>= 3.4.0)" },
    { name = "rlang", requirement = "(>= 1.1.0)" },
]

[[packages]]
name = "magrittr"
version = "2.0.4"
source = { repository = "https://cloud.r-project.org/" }
force_source = false
dependencies = []

[[packages]]
name = "png"
version = "0.1-9"
source = { repository = "https://cloud.r-project.org/" }
force_source = false
dependencies = []

[[packages]]
name = "purrr"
version = "1.2.1"
source = { repository = "https://cloud.r-project.org/" }
force_source = false
dependencies = [
    { name = "cli", requirement = "(>= 3.6.1)" },
    { name = "lifecycle", requirement = "(>= 1.0.3)" },
    { name = "magrittr", requirement = "(>= 1.5.0)" },
    { name = "rlang", requirement = "(>= 1.1.1)" },
    { name = "vctrs", requirement = "(>= 0.6.3)" },
]

[[packages]]
name = "rappdirs"
version = "0.3.4"
source = { repository = "https://cloud.r-project.org/" }
force_source = false
dependencies = []

[[packages]]
name = "reticulate"
version = "1.45.0"
source = { repository = "https://cloud.r-project.org/" }
force_source = false
dependencies = [
    "Matrix",
    { name = "Rcpp", requirement = "(>= 1.0.7)" },
    "RcppTOML",
    "here",
    "jsonlite",
    "png",
    "rappdirs",
    "rlang",
    "withr",
]

[[packages]]
name = "rhdf5"
version = "2.50.2"
source = { repository = "https://bioconductor.org/packages/3.20/bioc" }
force_source = false
dependencies = [
    { name = "Rhdf5lib", requirement = "(>= 1.13.4)" },
    { name = "rhdf5filters", requirement = "(>= 1.15.5)" },
]

[[packages]]
name = "rhdf5filters"
version = "1.18.1"
source = { repository = "https://bioconductor.org/packages/3.20/bioc" }
force_source = false
dependencies = [
    "Rhdf5lib",
]

[[packages]]
name = "rlang"
version = "1.1.7"
source = { repository = "https://cloud.r-project.org/" }
force_source = false
dependencies = []

[[packages]]
name = "rprojroot"
version = "2.1.1"
source = { repository = "https://cloud.r-project.org/" }
force_source = false
dependencies = []

[[packages]]
name = "vctrs"
version = "0.7.2"
source = { repository = "https://cloud.r-project.org/" }
force_source = false
dependencies = [
    { name = "cli", requirement = "(>= 3.4.0)" },
    "glue",
    { name = "lifecycle", requirement = "(>= 1.0.3)" },
    { name = "rlang", requirement = "(>= 1.1.7)" },
]

[[packages]]
name = "withr"
version = "3.0.2"
source = { repository = "https://cloud.r-project.org/" }
force_source = false
dependencies = []
